
Microsoft Visual Studio Solution File, Format Version 12.00
# Visual Studio Version 17
VisualStudioVersion = 17.1.32210.238
MinimumVisualStudioVersion = 10.0.40219.1
Project("{FAE04EC0-301F-11D3-BF4B-00C04F79EFBC}") = "Narrow", "Narrow\Narrow.csproj", "{0B9A38C1-FEAF-431D-B2C2-5800C2684D68}"
EndProject
Global
	GlobalSection(SolutionConfigurationPlatforms) = preSolution
		Debug|Any CPU = Debug|Any CPU
		Release|Any CPU = Release|Any CPU
	EndGlobalSection
	GlobalSection(ProjectConfigurationPlatforms) = postSolution
		{0B9A38C1-FEAF-431D-B2C2-5800C2684D68}.Debug|Any CPU.ActiveCfg = Debug|Any CPU
		{0B9A38C1-FEAF-431D-B2C2-5800C2684D68}.Debug|Any CPU.Build.0 = Debug|Any CPU
		{0B9A38C1-FEAF-431D-B2C2-5800C2684D68}.Release|Any CPU.ActiveCfg = Release|Any CPU
		{0B9A38C1-FEAF-431D-B2C2-5800C2684D68}.Release|Any CPU.Build.0 = Release|Any CPU
	EndGlobalSection
	GlobalSection(SolutionProperties) = preSolution
		HideSolutionNode = FALSE
	EndGlobalSection
	GlobalSection(ExtensibilityGlobals) = postSolution
		SolutionGuid = {34BB1245-D8FB-4BEE-B62A-8EC93EC18B81}
	EndGlobalSection
EndGlobal
